
Microsoft Visual Studio Solution File, Format Version 12.00
# Visual Studio Version 17
VisualStudioVersion = 17.14.36511.14 d17.14
MinimumVisualStudioVersion = 10.0.40219.1
Project("{FAE04EC0-301F-11D3-BF4B-00C04F79EFBC}") = "CarRent", "CarRent\CarRent.csproj", "{B0438AD9-4D6C-40ED-BA36-BF298630AFCD}"
EndProject
Global
	GlobalSection(SolutionConfigurationPlatforms) = preSolution
		Debug|Any CPU = Debug|Any CPU
		Release|Any CPU = Release|Any CPU
	EndGlobalSection
	GlobalSection(ProjectConfigurationPlatforms) = postSolution
		{B0438AD9-4D6C-40ED-BA36-BF298630AFCD}.Debug|Any CPU.ActiveCfg = Debug|Any CPU
		{B0438AD9-4D6C-40ED-BA36-BF298630AFCD}.Debug|Any CPU.Build.0 = Debug|Any CPU
		{B0438AD9-4D6C-40ED-BA36-BF298630AFCD}.Release|Any CPU.ActiveCfg = Release|Any CPU
		{B0438AD9-4D6C-40ED-BA36-BF298630AFCD}.Release|Any CPU.Build.0 = Release|Any CPU
	EndGlobalSection
	GlobalSection(SolutionProperties) = preSolution
		HideSolutionNode = FALSE
	EndGlobalSection
	GlobalSection(ExtensibilityGlobals) = postSolution
		SolutionGuid = {3A88DBE1-E4CA-4442-AED2-28F3918335C2}
	EndGlobalSection
EndGlobal
